// !$*UTF8*$!
{
	archiveVersion = 1;
	classes = {
	};
	objectVersion = 55;
	objects = {

/* Begin PBXBuildFile section */
		80DE632068192B1FBF06836B /* Pods_ios_bomj.framework in Frameworks */ = {isa = PBXBuildFile; fileRef = 7C23A0DDCA711E5CE2B49A19 /* Pods_ios_bomj.framework */; };
		D7B93CD827E34ABB00934313 /* AppDelegate.swift in Sources */ = {isa = PBXBuildFile; fileRef = D7B93CD727E34ABB00934313 /* AppDelegate.swift */; };
		D7B93CDC27E34ABB00934313 /* NewsViewController.swift in Sources */ = {isa = PBXBuildFile; fileRef = D7B93CDB27E34ABB00934313 /* NewsViewController.swift */; };
		D7B93CE127E34ABD00934313 /* Assets.xcassets in Resources */ = {isa = PBXBuildFile; fileRef = D7B93CE027E34ABD00934313 /* Assets.xcassets */; };
		D7B93CE427E34ABD00934313 /* LaunchScreen.storyboard in Resources */ = {isa = PBXBuildFile; fileRef = D7B93CE227E34ABD00934313 /* LaunchScreen.storyboard */; };
		D7C9C0B3280DF81F00B975B2 /* TabBarController.swift in Sources */ = {isa = PBXBuildFile; fileRef = D7C9C0B2280DF81F00B975B2 /* TabBarController.swift */; };
		D7C9C0B6280DF8DA00B975B2 /* FindViewController.swift in Sources */ = {isa = PBXBuildFile; fileRef = D7C9C0B5280DF8DA00B975B2 /* FindViewController.swift */; };
		D7C9C0B8280DF8E900B975B2 /* HelpViewController.swift in Sources */ = {isa = PBXBuildFile; fileRef = D7C9C0B7280DF8E900B975B2 /* HelpViewController.swift */; };
		D7C9C0BA280DF8F700B975B2 /* HistoryViewController.swift in Sources */ = {isa = PBXBuildFile; fileRef = D7C9C0B9280DF8F700B975B2 /* HistoryViewController.swift */; };
		D7C9C0BC280DF90500B975B2 /* ProfileViewController.swift in Sources */ = {isa = PBXBuildFile; fileRef = D7C9C0BB280DF90500B975B2 /* ProfileViewController.swift */; };
		D7C9C0BF280E361000B975B2 /* Help.swift in Sources */ = {isa = PBXBuildFile; fileRef = D7C9C0BE280E361000B975B2 /* Help.swift */; };
		D7C9C0C1280E372100B975B2 /* HelpCell.swift in Sources */ = {isa = PBXBuildFile; fileRef = D7C9C0C0280E372100B975B2 /* HelpCell.swift */; };
		D7C9C0C5280E535C00B975B2 /* CustomTabBar.swift in Sources */ = {isa = PBXBuildFile; fileRef = D7C9C0C4280E535C00B975B2 /* CustomTabBar.swift */; };
		D7C9C0CD280F92CC00B975B2 /* HeaderView.swift in Sources */ = {isa = PBXBuildFile; fileRef = D7C9C0CC280F92CC00B975B2 /* HeaderView.swift */; };
/* End PBXBuildFile section */

/* Begin PBXFileReference section */
		141DDE1518E164F1426759FD /* Pods-ios-bomj.release.xcconfig */ = {isa = PBXFileReference; includeInIndex = 1; lastKnownFileType = text.xcconfig; name = "Pods-ios-bomj.release.xcconfig"; path = "Target Support Files/Pods-ios-bomj/Pods-ios-bomj.release.xcconfig"; sourceTree = "<group>"; };
		7C23A0DDCA711E5CE2B49A19 /* Pods_ios_bomj.framework */ = {isa = PBXFileReference; explicitFileType = wrapper.framework; includeInIndex = 0; path = Pods_ios_bomj.framework; sourceTree = BUILT_PRODUCTS_DIR; };
		7D49D02950A4431C30E65FC2 /* Pods-ios-bomj.debug.xcconfig */ = {isa = PBXFileReference; includeInIndex = 1; lastKnownFileType = text.xcconfig; name = "Pods-ios-bomj.debug.xcconfig"; path = "Target Support Files/Pods-ios-bomj/Pods-ios-bomj.debug.xcconfig"; sourceTree = "<group>"; };
		D7B93CD427E34ABB00934313 /* ios-bomj.app */ = {isa = PBXFileReference; explicitFileType = wrapper.application; includeInIndex = 0; path = "ios-bomj.app"; sourceTree = BUILT_PRODUCTS_DIR; };
		D7B93CD727E34ABB00934313 /* AppDelegate.swift */ = {isa = PBXFileReference; lastKnownFileType = sourcecode.swift; path = AppDelegate.swift; sourceTree = "<group>"; };
		D7B93CDB27E34ABB00934313 /* NewsViewController.swift */ = {isa = PBXFileReference; lastKnownFileType = sourcecode.swift; path = NewsViewController.swift; sourceTree = "<group>"; };
		D7B93CE027E34ABD00934313 /* Assets.xcassets */ = {isa = PBXFileReference; lastKnownFileType = folder.assetcatalog; path = Assets.xcassets; sourceTree = "<group>"; };
		D7B93CE327E34ABD00934313 /* Base */ = {isa = PBXFileReference; lastKnownFileType = file.storyboard; name = Base; path = Base.lproj/LaunchScreen.storyboard; sourceTree = "<group>"; };
		D7B93CE527E34ABD00934313 /* Info.plist */ = {isa = PBXFileReference; lastKnownFileType = text.plist.xml; path = Info.plist; sourceTree = "<group>"; };
		D7C9C0B2280DF81F00B975B2 /* TabBarController.swift */ = {isa = PBXFileReference; lastKnownFileType = sourcecode.swift; path = TabBarController.swift; sourceTree = "<group>"; };
		D7C9C0B5280DF8DA00B975B2 /* FindViewController.swift */ = {isa = PBXFileReference; lastKnownFileType = sourcecode.swift; path = FindViewController.swift; sourceTree = "<group>"; };
		D7C9C0B7280DF8E900B975B2 /* HelpViewController.swift */ = {isa = PBXFileReference; lastKnownFileType = sourcecode.swift; path = HelpViewController.swift; sourceTree = "<group>"; };
		D7C9C0B9280DF8F700B975B2 /* HistoryViewController.swift */ = {isa = PBXFileReference; lastKnownFileType = sourcecode.swift; path = HistoryViewController.swift; sourceTree = "<group>"; };
		D7C9C0BB280DF90500B975B2 /* ProfileViewController.swift */ = {isa = PBXFileReference; lastKnownFileType = sourcecode.swift; path = ProfileViewController.swift; sourceTree = "<group>"; };
		D7C9C0BE280E361000B975B2 /* Help.swift */ = {isa = PBXFileReference; lastKnownFileType = sourcecode.swift; path = Help.swift; sourceTree = "<group>"; };
		D7C9C0C0280E372100B975B2 /* HelpCell.swift */ = {isa = PBXFileReference; lastKnownFileType = sourcecode.swift; path = HelpCell.swift; sourceTree = "<group>"; };
		D7C9C0C4280E535C00B975B2 /* CustomTabBar.swift */ = {isa = PBXFileReference; lastKnownFileType = sourcecode.swift; path = CustomTabBar.swift; sourceTree = "<group>"; };
		D7C9C0C9280F756700B975B2 /* Officina-San-ITC-Extra-Bold.ttf */ = {isa = PBXFileReference; lastKnownFileType = file; path = "Officina-San-ITC-Extra-Bold.ttf"; sourceTree = "<group>"; };
		D7C9C0CC280F92CC00B975B2 /* HeaderView.swift */ = {isa = PBXFileReference; lastKnownFileType = sourcecode.swift; path = HeaderView.swift; sourceTree = "<group>"; };
/* End PBXFileReference section */

/* Begin PBXFrameworksBuildPhase section */
		D7B93CD127E34ABB00934313 /* Frameworks */ = {
			isa = PBXFrameworksBuildPhase;
			buildActionMask = 2147483647;
			files = (
				80DE632068192B1FBF06836B /* Pods_ios_bomj.framework in Frameworks */,
			);
			runOnlyForDeploymentPostprocessing = 0;
		};
/* End PBXFrameworksBuildPhase section */

/* Begin PBXGroup section */
		BB0104B4BC4212B3A2C3151F /* Pods */ = {
			isa = PBXGroup;
			children = (
				7D49D02950A4431C30E65FC2 /* Pods-ios-bomj.debug.xcconfig */,
				141DDE1518E164F1426759FD /* Pods-ios-bomj.release.xcconfig */,
			);
			path = Pods;
			sourceTree = "<group>";
		};
		D665107E5E66B89ECD991F5B /* Frameworks */ = {
			isa = PBXGroup;
			children = (
				7C23A0DDCA711E5CE2B49A19 /* Pods_ios_bomj.framework */,
			);
			name = Frameworks;
			sourceTree = "<group>";
		};
		D7B93CCB27E34ABB00934313 = {
			isa = PBXGroup;
			children = (
				D7B93CD627E34ABB00934313 /* ios-bomj */,
				D7B93CD527E34ABB00934313 /* Products */,
				BB0104B4BC4212B3A2C3151F /* Pods */,
				D665107E5E66B89ECD991F5B /* Frameworks */,
			);
			sourceTree = "<group>";
		};
		D7B93CD527E34ABB00934313 /* Products */ = {
			isa = PBXGroup;
			children = (
				D7B93CD427E34ABB00934313 /* ios-bomj.app */,
			);
			name = Products;
			sourceTree = "<group>";
		};
		D7B93CD627E34ABB00934313 /* ios-bomj */ = {
			isa = PBXGroup;
			children = (
				D7B93CD727E34ABB00934313 /* AppDelegate.swift */,
				D7C9C0B2280DF81F00B975B2 /* TabBarController.swift */,
				D7B93CE227E34ABD00934313 /* LaunchScreen.storyboard */,
				D7C9C0C8280F748E00B975B2 /* Fonts */,
				D7B93CE027E34ABD00934313 /* Assets.xcassets */,
				D7B93CE527E34ABD00934313 /* Info.plist */,
				D7C9C0C3280E533400B975B2 /* Helpers */,
				D7C9C0BD280E35E200B975B2 /* Models */,
				D7C9C0C2280E376100B975B2 /* Views */,
				D7C9C0B4280DF8A000B975B2 /* Controllers */,
			);
			path = "ios-bomj";
			sourceTree = "<group>";
		};
		D7C9C0B4280DF8A000B975B2 /* Controllers */ = {
			isa = PBXGroup;
			children = (
				D7C9C0B5280DF8DA00B975B2 /* FindViewController.swift */,
				D7C9C0B7280DF8E900B975B2 /* HelpViewController.swift */,
				D7C9C0B9280DF8F700B975B2 /* HistoryViewController.swift */,
				D7B93CDB27E34ABB00934313 /* NewsViewController.swift */,
				D7C9C0BB280DF90500B975B2 /* ProfileViewController.swift */,
			);
			path = Controllers;
			sourceTree = "<group>";
		};
		D7C9C0BD280E35E200B975B2 /* Models */ = {
			isa = PBXGroup;
			children = (
				D7C9C0BE280E361000B975B2 /* Help.swift */,
			);
			path = Models;
			sourceTree = "<group>";
		};
		D7C9C0C2280E376100B975B2 /* Views */ = {
			isa = PBXGroup;
			children = (
				D7C9C0C0280E372100B975B2 /* HelpCell.swift */,
				D7C9C0CC280F92CC00B975B2 /* HeaderView.swift */,
			);
			path = Views;
			sourceTree = "<group>";
		};
		D7C9C0C3280E533400B975B2 /* Helpers */ = {
			isa = PBXGroup;
			children = (
				D7C9C0C4280E535C00B975B2 /* CustomTabBar.swift */,
			);
			path = Helpers;
			sourceTree = "<group>";
		};
		D7C9C0C8280F748E00B975B2 /* Fonts */ = {
			isa = PBXGroup;
			children = (
				D7C9C0C9280F756700B975B2 /* Officina-San-ITC-Extra-Bold.ttf */,
			);
			path = Fonts;
			sourceTree = "<group>";
		};
/* End PBXGroup section */

/* Begin PBXNativeTarget section */
		D7B93CD327E34ABB00934313 /* ios-bomj */ = {
			isa = PBXNativeTarget;
			buildConfigurationList = D7B93CE827E34ABD00934313 /* Build configuration list for PBXNativeTarget "ios-bomj" */;
			buildPhases = (
				D51A25495229DC9E6C0659B7 /* [CP] Check Pods Manifest.lock */,
				D7B93CD027E34ABB00934313 /* Sources */,
				D7B93CD127E34ABB00934313 /* Frameworks */,
				D7B93CD227E34ABB00934313 /* Resources */,
				6BDE2C19B1A4DAA1FE9815AA /* [CP] Embed Pods Frameworks */,
				D7C9C0CE280F9FDF00B975B2 /* ShellScript */,
			);
			buildRules = (
			);
			dependencies = (
			);
			name = "ios-bomj";
			productName = "ios-bomj";
			productReference = D7B93CD427E34ABB00934313 /* ios-bomj.app */;
			productType = "com.apple.product-type.application";
		};
/* End PBXNativeTarget section */

/* Begin PBXProject section */
		D7B93CCC27E34ABB00934313 /* Project object */ = {
			isa = PBXProject;
			attributes = {
				BuildIndependentTargetsInParallel = 1;
				LastSwiftUpdateCheck = 1310;
				LastUpgradeCheck = 1310;
				TargetAttributes = {
					D7B93CD327E34ABB00934313 = {
						CreatedOnToolsVersion = 13.1;
					};
				};
			};
			buildConfigurationList = D7B93CCF27E34ABB00934313 /* Build configuration list for PBXProject "ios-bomj" */;
			compatibilityVersion = "Xcode 13.0";
			developmentRegion = en;
			hasScannedForEncodings = 0;
			knownRegions = (
				en,
				Base,
			);
			mainGroup = D7B93CCB27E34ABB00934313;
			productRefGroup = D7B93CD527E34ABB00934313 /* Products */;
			projectDirPath = "";
			projectRoot = "";
			targets = (
				D7B93CD327E34ABB00934313 /* ios-bomj */,
			);
		};
/* End PBXProject section */

/* Begin PBXResourcesBuildPhase section */
		D7B93CD227E34ABB00934313 /* Resources */ = {
			isa = PBXResourcesBuildPhase;
			buildActionMask = 2147483647;
			files = (
				D7B93CE427E34ABD00934313 /* LaunchScreen.storyboard in Resources */,
				D7B93CE127E34ABD00934313 /* Assets.xcassets in Resources */,
			);
			runOnlyForDeploymentPostprocessing = 0;
		};
/* End PBXResourcesBuildPhase section */

/* Begin PBXShellScriptBuildPhase section */
		6BDE2C19B1A4DAA1FE9815AA /* [CP] Embed Pods Frameworks */ = {
			isa = PBXShellScriptBuildPhase;
			buildActionMask = 2147483647;
			files = (
			);
			inputFileListPaths = (
				"${PODS_ROOT}/Target Support Files/Pods-ios-bomj/Pods-ios-bomj-frameworks-${CONFIGURATION}-input-files.xcfilelist",
			);
			name = "[CP] Embed Pods Frameworks";
			outputFileListPaths = (
				"${PODS_ROOT}/Target Support Files/Pods-ios-bomj/Pods-ios-bomj-frameworks-${CONFIGURATION}-output-files.xcfilelist",
			);
			runOnlyForDeploymentPostprocessing = 0;
			shellPath = /bin/sh;
			shellScript = "\"${PODS_ROOT}/Target Support Files/Pods-ios-bomj/Pods-ios-bomj-frameworks.sh\"\n";
			showEnvVarsInLog = 0;
		};
		D51A25495229DC9E6C0659B7 /* [CP] Check Pods Manifest.lock */ = {
			isa = PBXShellScriptBuildPhase;
			buildActionMask = 2147483647;
			files = (
			);
			inputFileListPaths = (
			);
			inputPaths = (
				"${PODS_PODFILE_DIR_PATH}/Podfile.lock",
				"${PODS_ROOT}/Manifest.lock",
			);
			name = "[CP] Check Pods Manifest.lock";
			outputFileListPaths = (
			);
			outputPaths = (
				"$(DERIVED_FILE_DIR)/Pods-ios-bomj-checkManifestLockResult.txt",
			);
			runOnlyForDeploymentPostprocessing = 0;
			shellPath = /bin/sh;
			shellScript = "diff \"${PODS_PODFILE_DIR_PATH}/Podfile.lock\" \"${PODS_ROOT}/Manifest.lock\" > /dev/null\nif [ $? != 0 ] ; then\n    # print error to STDERR\n    echo \"error: The sandbox is not in sync with the Podfile.lock. Run 'pod install' or update your CocoaPods installation.\" >&2\n    exit 1\nfi\n# This output is used by Xcode 'outputs' to avoid re-running this script phase.\necho \"SUCCESS\" > \"${SCRIPT_OUTPUT_FILE_0}\"\n";
			showEnvVarsInLog = 0;
		};
		D7C9C0CE280F9FDF00B975B2 /* ShellScript */ = {
			isa = PBXShellScriptBuildPhase;
			buildActionMask = 2147483647;
			files = (
			);
			inputFileListPaths = (
			);
			inputPaths = (
			);
			outputFileListPaths = (
			);
			outputPaths = (
			);
			runOnlyForDeploymentPostprocessing = 0;
			shellPath = /bin/sh;
			shellScript = "\"${PODS_ROOT}/SwiftLint/swiftlint\"\n";
		};
/* End PBXShellScriptBuildPhase section */

/* Begin PBXSourcesBuildPhase section */
		D7B93CD027E34ABB00934313 /* Sources */ = {
			isa = PBXSourcesBuildPhase;
			buildActionMask = 2147483647;
			files = (
				D7C9C0B3280DF81F00B975B2 /* TabBarController.swift in Sources */,
				D7B93CDC27E34ABB00934313 /* NewsViewController.swift in Sources */,
				D7C9C0C1280E372100B975B2 /* HelpCell.swift in Sources */,
				D7B93CD827E34ABB00934313 /* AppDelegate.swift in Sources */,
				D7C9C0BA280DF8F700B975B2 /* HistoryViewController.swift in Sources */,
				D7C9C0BC280DF90500B975B2 /* ProfileViewController.swift in Sources */,
				D7C9C0C5280E535C00B975B2 /* CustomTabBar.swift in Sources */,
				D7C9C0CD280F92CC00B975B2 /* HeaderView.swift in Sources */,
				D7C9C0B6280DF8DA00B975B2 /* FindViewController.swift in Sources */,
				D7C9C0BF280E361000B975B2 /* Help.swift in Sources */,
				D7C9C0B8280DF8E900B975B2 /* HelpViewController.swift in Sources */,
			);
			runOnlyForDeploymentPostprocessing = 0;
		};
/* End PBXSourcesBuildPhase section */

/* Begin PBXVariantGroup section */
		D7B93CE227E34ABD00934313 /* LaunchScreen.storyboard */ = {
			isa = PBXVariantGroup;
			children = (
				D7B93CE327E34ABD00934313 /* Base */,
			);
			name = LaunchScreen.storyboard;
			sourceTree = "<group>";
		};
/* End PBXVariantGroup section */

/* Begin XCBuildConfiguration section */
		D7B93CE627E34ABD00934313 /* Debug */ = {
			isa = XCBuildConfiguration;
			buildSettings = {
				ALWAYS_SEARCH_USER_PATHS = NO;
				CLANG_ANALYZER_NONNULL = YES;
				CLANG_ANALYZER_NUMBER_OBJECT_CONVERSION = YES_AGGRESSIVE;
				CLANG_CXX_LANGUAGE_STANDARD = "gnu++17";
				CLANG_CXX_LIBRARY = "libc++";
				CLANG_ENABLE_MODULES = YES;
				CLANG_ENABLE_OBJC_ARC = YES;
				CLANG_ENABLE_OBJC_WEAK = YES;
				CLANG_WARN_BLOCK_CAPTURE_AUTORELEASING = YES;
				CLANG_WARN_BOOL_CONVERSION = YES;
				CLANG_WARN_COMMA = YES;
				CLANG_WARN_CONSTANT_CONVERSION = YES;
				CLANG_WARN_DEPRECATED_OBJC_IMPLEMENTATIONS = YES;
				CLANG_WARN_DIRECT_OBJC_ISA_USAGE = YES_ERROR;
				CLANG_WARN_DOCUMENTATION_COMMENTS = YES;
				CLANG_WARN_EMPTY_BODY = YES;
				CLANG_WARN_ENUM_CONVERSION = YES;
				CLANG_WARN_INFINITE_RECURSION = YES;
				CLANG_WARN_INT_CONVERSION = YES;
				CLANG_WARN_NON_LITERAL_NULL_CONVERSION = YES;
				CLANG_WARN_OBJC_IMPLICIT_RETAIN_SELF = YES;
				CLANG_WARN_OBJC_LITERAL_CONVERSION = YES;
				CLANG_WARN_OBJC_ROOT_CLASS = YES_ERROR;
				CLANG_WARN_QUOTED_INCLUDE_IN_FRAMEWORK_HEADER = YES;
				CLANG_WARN_RANGE_LOOP_ANALYSIS = YES;
				CLANG_WARN_STRICT_PROTOTYPES = YES;
				CLANG_WARN_SUSPICIOUS_MOVE = YES;
				CLANG_WARN_UNGUARDED_AVAILABILITY = YES_AGGRESSIVE;
				CLANG_WARN_UNREACHABLE_CODE = YES;
				CLANG_WARN__DUPLICATE_METHOD_MATCH = YES;
				COPY_PHASE_STRIP = NO;
				DEBUG_INFORMATION_FORMAT = dwarf;
				ENABLE_STRICT_OBJC_MSGSEND = YES;
				ENABLE_TESTABILITY = YES;
				GCC_C_LANGUAGE_STANDARD = gnu11;
				GCC_DYNAMIC_NO_PIC = NO;
				GCC_NO_COMMON_BLOCKS = YES;
				GCC_OPTIMIZATION_LEVEL = 0;
				GCC_PREPROCESSOR_DEFINITIONS = (
					"DEBUG=1",
					"$(inherited)",
				);
				GCC_WARN_64_TO_32_BIT_CONVERSION = YES;
				GCC_WARN_ABOUT_RETURN_TYPE = YES_ERROR;
				GCC_WARN_UNDECLARED_SELECTOR = YES;
				GCC_WARN_UNINITIALIZED_AUTOS = YES_AGGRESSIVE;
				GCC_WARN_UNUSED_FUNCTION = YES;
				GCC_WARN_UNUSED_VARIABLE = YES;
				IPHONEOS_DEPLOYMENT_TARGET = 15.0;
				MTL_ENABLE_DEBUG_INFO = INCLUDE_SOURCE;
				MTL_FAST_MATH = YES;
				ONLY_ACTIVE_ARCH = YES;
				SDKROOT = iphoneos;
				SWIFT_ACTIVE_COMPILATION_CONDITIONS = DEBUG;
				SWIFT_OPTIMIZATION_LEVEL = "-Onone";
			};
			name = Debug;
		};
		D7B93CE727E34ABD00934313 /* Release */ = {
			isa = XCBuildConfiguration;
			buildSettings = {
				ALWAYS_SEARCH_USER_PATHS = NO;
				CLANG_ANALYZER_NONNULL = YES;
				CLANG_ANALYZER_NUMBER_OBJECT_CONVERSION = YES_AGGRESSIVE;
				CLANG_CXX_LANGUAGE_STANDARD = "gnu++17";
				CLANG_CXX_LIBRARY = "libc++";
				CLANG_ENABLE_MODULES = YES;
				CLANG_ENABLE_OBJC_ARC = YES;
				CLANG_ENABLE_OBJC_WEAK = YES;
				CLANG_WARN_BLOCK_CAPTURE_AUTORELEASING = YES;
				CLANG_WARN_BOOL_CONVERSION = YES;
				CLANG_WARN_COMMA = YES;
				CLANG_WARN_CONSTANT_CONVERSION = YES;
				CLANG_WARN_DEPRECATED_OBJC_IMPLEMENTATIONS = YES;
				CLANG_WARN_DIRECT_OBJC_ISA_USAGE = YES_ERROR;
				CLANG_WARN_DOCUMENTATION_COMMENTS = YES;
				CLANG_WARN_EMPTY_BODY = YES;
				CLANG_WARN_ENUM_CONVERSION = YES;
				CLANG_WARN_INFINITE_RECURSION = YES;
				CLANG_WARN_INT_CONVERSION = YES;
				CLANG_WARN_NON_LITERAL_NULL_CONVERSION = YES;
				CLANG_WARN_OBJC_IMPLICIT_RETAIN_SELF = YES;
				CLANG_WARN_OBJC_LITERAL_CONVERSION = YES;
				CLANG_WARN_OBJC_ROOT_CLASS = YES_ERROR;
				CLANG_WARN_QUOTED_INCLUDE_IN_FRAMEWORK_HEADER = YES;
				CLANG_WARN_RANGE_LOOP_ANALYSIS = YES;
				CLANG_WARN_STRICT_PROTOTYPES = YES;
				CLANG_WARN_SUSPICIOUS_MOVE = YES;
				CLANG_WARN_UNGUARDED_AVAILABILITY = YES_AGGRESSIVE;
				CLANG_WARN_UNREACHABLE_CODE = YES;
				CLANG_WARN__DUPLICATE_METHOD_MATCH = YES;
				COPY_PHASE_STRIP = NO;
				DEBUG_INFORMATION_FORMAT = "dwarf-with-dsym";
				ENABLE_NS_ASSERTIONS = NO;
				ENABLE_STRICT_OBJC_MSGSEND = YES;
				GCC_C_LANGUAGE_STANDARD = gnu11;
				GCC_NO_COMMON_BLOCKS = YES;
				GCC_WARN_64_TO_32_BIT_CONVERSION = YES;
				GCC_WARN_ABOUT_RETURN_TYPE = YES_ERROR;
				GCC_WARN_UNDECLARED_SELECTOR = YES;
				GCC_WARN_UNINITIALIZED_AUTOS = YES_AGGRESSIVE;
				GCC_WARN_UNUSED_FUNCTION = YES;
				GCC_WARN_UNUSED_VARIABLE = YES;
				IPHONEOS_DEPLOYMENT_TARGET = 15.0;
				MTL_ENABLE_DEBUG_INFO = NO;
				MTL_FAST_MATH = YES;
				SDKROOT = iphoneos;
				SWIFT_COMPILATION_MODE = wholemodule;
				SWIFT_OPTIMIZATION_LEVEL = "-O";
				VALIDATE_PRODUCT = YES;
			};
			name = Release;
		};
		D7B93CE927E34ABD00934313 /* Debug */ = {
			isa = XCBuildConfiguration;
			baseConfigurationReference = 7D49D02950A4431C30E65FC2 /* Pods-ios-bomj.debug.xcconfig */;
			buildSettings = {
				ASSETCATALOG_COMPILER_APPICON_NAME = AppIcon;
				ASSETCATALOG_COMPILER_GLOBAL_ACCENT_COLOR_NAME = AccentColor;
				CODE_SIGN_STYLE = Automatic;
				CURRENT_PROJECT_VERSION = 1;
				DEVELOPMENT_TEAM = 65W84796RK;
				GENERATE_INFOPLIST_FILE = YES;
				INFOPLIST_FILE = "ios-bomj/Info.plist";
				INFOPLIST_KEY_UIApplicationSupportsIndirectInputEvents = YES;
				INFOPLIST_KEY_UILaunchStoryboardName = LaunchScreen;
				INFOPLIST_KEY_UISupportedInterfaceOrientations_iPad = "UIInterfaceOrientationPortrait UIInterfaceOrientationPortraitUpsideDown UIInterfaceOrientationLandscapeLeft UIInterfaceOrientationLandscapeRight";
				INFOPLIST_KEY_UISupportedInterfaceOrientations_iPhone = "UIInterfaceOrientationPortrait UIInterfaceOrientationLandscapeLeft UIInterfaceOrientationLandscapeRight";
				LD_RUNPATH_SEARCH_PATHS = (
					"$(inherited)",
					"@executable_path/Frameworks",
				);
				MARKETING_VERSION = 1.0;
				PRODUCT_BUNDLE_IDENTIFIER = "oxc00000f.ios-bomj";
				PRODUCT_NAME = "$(TARGET_NAME)";
				SWIFT_EMIT_LOC_STRINGS = YES;
				SWIFT_VERSION = 5.0;
				TARGETED_DEVICE_FAMILY = "1,2";
			};
			name = Debug;
		};
		D7B93CEA27E34ABD00934313 /* Release */ = {
			isa = XCBuildConfiguration;
			baseConfigurationReference = 141DDE1518E164F1426759FD /* Pods-ios-bomj.release.xcconfig */;
			buildSettings = {
				ASSETCATALOG_COMPILER_APPICON_NAME = AppIcon;
				ASSETCATALOG_COMPILER_GLOBAL_ACCENT_COLOR_NAME = AccentColor;
				CODE_SIGN_STYLE = Automatic;
				CURRENT_PROJECT_VERSION = 1;
				DEVELOPMENT_TEAM = 65W84796RK;
				GENERATE_INFOPLIST_FILE = YES;
				INFOPLIST_FILE = "ios-bomj/Info.plist";
				INFOPLIST_KEY_UIApplicationSupportsIndirectInputEvents = YES;
				INFOPLIST_KEY_UILaunchStoryboardName = LaunchScreen;
				INFOPLIST_KEY_UISupportedInterfaceOrientations_iPad = "UIInterfaceOrientationPortrait UIInterfaceOrientationPortraitUpsideDown UIInterfaceOrientationLandscapeLeft UIInterfaceOrientationLandscapeRight";
				INFOPLIST_KEY_UISupportedInterfaceOrientations_iPhone = "UIInterfaceOrientationPortrait UIInterfaceOrientationLandscapeLeft UIInterfaceOrientationLandscapeRight";
				LD_RUNPATH_SEARCH_PATHS = (
					"$(inherited)",
					"@executable_path/Frameworks",
				);
				MARKETING_VERSION = 1.0;
				PRODUCT_BUNDLE_IDENTIFIER = "oxc00000f.ios-bomj";
				PRODUCT_NAME = "$(TARGET_NAME)";
				SWIFT_EMIT_LOC_STRINGS = YES;
				SWIFT_VERSION = 5.0;
				TARGETED_DEVICE_FAMILY = "1,2";
			};
			name = Release;
		};
/* End XCBuildConfiguration section */

/* Begin XCConfigurationList section */
		D7B93CCF27E34ABB00934313 /* Build configuration list for PBXProject "ios-bomj" */ = {
			isa = XCConfigurationList;
			buildConfigurations = (
				D7B93CE627E34ABD00934313 /* Debug */,
				D7B93CE727E34ABD00934313 /* Release */,
			);
			defaultConfigurationIsVisible = 0;
			defaultConfigurationName = Release;
		};
		D7B93CE827E34ABD00934313 /* Build configuration list for PBXNativeTarget "ios-bomj" */ = {
			isa = XCConfigurationList;
			buildConfigurations = (
				D7B93CE927E34ABD00934313 /* Debug */,
				D7B93CEA27E34ABD00934313 /* Release */,
			);
			defaultConfigurationIsVisible = 0;
			defaultConfigurationName = Release;
		};
/* End XCConfigurationList section */
	};
	rootObject = D7B93CCC27E34ABB00934313 /* Project object */;
}
